
Microsoft Visual Studio Solution File, Format Version 12.00
# Visual Studio Version 16
VisualStudioVersion = 16.0.30804.86
MinimumVisualStudioVersion = 10.0.40219.1
Project("{FAE04EC0-301F-11D3-BF4B-00C04F79EFBC}") = "Calculadora", "Calculadora\Calculadora.csproj", "{FCC54B11-EBF6-4E81-9332-A37C1FE895F6}"
EndProject
Global
	GlobalSection(SolutionConfigurationPlatforms) = preSolution
		Debug|Any CPU = Debug|Any CPU
		Release|Any CPU = Release|Any CPU
	EndGlobalSection
	GlobalSection(ProjectConfigurationPlatforms) = postSolution
		{FCC54B11-EBF6-4E81-9332-A37C1FE895F6}.Debug|Any CPU.ActiveCfg = Debug|Any CPU
		{FCC54B11-EBF6-4E81-9332-A37C1FE895F6}.Debug|Any CPU.Build.0 = Debug|Any CPU
		{FCC54B11-EBF6-4E81-9332-A37C1FE895F6}.Release|Any CPU.ActiveCfg = Release|Any CPU
		{FCC54B11-EBF6-4E81-9332-A37C1FE895F6}.Release|Any CPU.Build.0 = Release|Any CPU
	EndGlobalSection
	GlobalSection(SolutionProperties) = preSolution
		HideSolutionNode = FALSE
	EndGlobalSection
	GlobalSection(ExtensibilityGlobals) = postSolution
		SolutionGuid = {79B005DD-D762-4A02-871F-E1734EF5D1B3}
	EndGlobalSection
EndGlobal
